
Microsoft Visual Studio Solution File, Format Version 12.00
# Visual Studio Version 16
VisualStudioVersion = 16.0.30309.148
MinimumVisualStudioVersion = 10.0.40219.1
Project("{FAE04EC0-301F-11D3-BF4B-00C04F79EFBC}") = "aiv-fast3d", "aiv-fast3d\aiv-fast3d.csproj", "{2D8853FF-DA0F-4332-B371-32BBC8EBAE7F}"
EndProject
Project("{FAE04EC0-301F-11D3-BF4B-00C04F79EFBC}") = "aiv-fast3d-example", "aiv-fast3d-example\aiv-fast3d-example.csproj", "{5C7F47A6-2C3E-4789-B4F9-583D034FBCC3}"
EndProject
Global
	GlobalSection(SolutionConfigurationPlatforms) = preSolution
		Debug|Any CPU = Debug|Any CPU
		Release|Any CPU = Release|Any CPU
	EndGlobalSection
	GlobalSection(ProjectConfigurationPlatforms) = postSolution
		{2D8853FF-DA0F-4332-B371-32BBC8EBAE7F}.Debug|Any CPU.ActiveCfg = Debug|Any CPU
		{2D8853FF-DA0F-4332-B371-32BBC8EBAE7F}.Debug|Any CPU.Build.0 = Debug|Any CPU
		{2D8853FF-DA0F-4332-B371-32BBC8EBAE7F}.Release|Any CPU.ActiveCfg = Release|Any CPU
		{2D8853FF-DA0F-4332-B371-32BBC8EBAE7F}.Release|Any CPU.Build.0 = Release|Any CPU
		{5C7F47A6-2C3E-4789-B4F9-583D034FBCC3}.Debug|Any CPU.ActiveCfg = Debug|Any CPU
		{5C7F47A6-2C3E-4789-B4F9-583D034FBCC3}.Debug|Any CPU.Build.0 = Debug|Any CPU
		{5C7F47A6-2C3E-4789-B4F9-583D034FBCC3}.Release|Any CPU.ActiveCfg = Release|Any CPU
		{5C7F47A6-2C3E-4789-B4F9-583D034FBCC3}.Release|Any CPU.Build.0 = Release|Any CPU
	EndGlobalSection
	GlobalSection(SolutionProperties) = preSolution
		HideSolutionNode = FALSE
	EndGlobalSection
	GlobalSection(ExtensibilityGlobals) = postSolution
		SolutionGuid = {F7827DAF-531F-46AB-8A8D-1DB4985FEECF}
	EndGlobalSection
EndGlobal
